
Microsoft Visual Studio Solution File, Format Version 12.00
# Visual Studio Version 17
VisualStudioVersion = 17.8.34525.116
MinimumVisualStudioVersion = 10.0.40219.1
Project("{9A19103F-16F7-4668-BE54-9A1E7A4F7556}") = "ConsoleApp", "ConsoleApp\ConsoleApp.csproj", "{CFCBCFE1-FECB-4F67-AB4C-95EEABB62BA1}"
EndProject
Project("{FAE04EC0-301F-11D3-BF4B-00C04F79EFBC}") = "AddresBook.Tests", "AddresBook.Tests\AddresBook.Tests.csproj", "{290DDBEC-E8C6-4C5F-8AFF-F860C0DABB69}"
EndProject
Global
	GlobalSection(SolutionConfigurationPlatforms) = preSolution
		Debug|Any CPU = Debug|Any CPU
		Release|Any CPU = Release|Any CPU
	EndGlobalSection
	GlobalSection(ProjectConfigurationPlatforms) = postSolution
		{CFCBCFE1-FECB-4F67-AB4C-95EEABB62BA1}.Debug|Any CPU.ActiveCfg = Debug|Any CPU
		{CFCBCFE1-FECB-4F67-AB4C-95EEABB62BA1}.Debug|Any CPU.Build.0 = Debug|Any CPU
		{CFCBCFE1-FECB-4F67-AB4C-95EEABB62BA1}.Release|Any CPU.ActiveCfg = Release|Any CPU
		{CFCBCFE1-FECB-4F67-AB4C-95EEABB62BA1}.Release|Any CPU.Build.0 = Release|Any CPU
		{290DDBEC-E8C6-4C5F-8AFF-F860C0DABB69}.Debug|Any CPU.ActiveCfg = Debug|Any CPU
		{290DDBEC-E8C6-4C5F-8AFF-F860C0DABB69}.Debug|Any CPU.Build.0 = Debug|Any CPU
		{290DDBEC-E8C6-4C5F-8AFF-F860C0DABB69}.Release|Any CPU.ActiveCfg = Release|Any CPU
		{290DDBEC-E8C6-4C5F-8AFF-F860C0DABB69}.Release|Any CPU.Build.0 = Release|Any CPU
	EndGlobalSection
	GlobalSection(SolutionProperties) = preSolution
		HideSolutionNode = FALSE
	EndGlobalSection
	GlobalSection(ExtensibilityGlobals) = postSolution
		SolutionGuid = {B337683D-64D2-4E7F-BEBC-6E6BBD3807B1}
	EndGlobalSection
EndGlobal
